
Microsoft Visual Studio Solution File, Format Version 12.00
# Visual Studio Version 17
VisualStudioVersion = 17.4.33122.133
MinimumVisualStudioVersion = 10.0.40219.1
Project("{FAE04EC0-301F-11D3-BF4B-00C04F79EFBC}") = "MyProject", "MyProject\MyProject.csproj", "{2B4113E7-073E-4A80-84F3-BAFB6EC11506}"
EndProject
Global
	GlobalSection(SolutionConfigurationPlatforms) = preSolution
		Debug|Any CPU = Debug|Any CPU
		Release|Any CPU = Release|Any CPU
	EndGlobalSection
	GlobalSection(ProjectConfigurationPlatforms) = postSolution
		{2B4113E7-073E-4A80-84F3-BAFB6EC11506}.Debug|Any CPU.ActiveCfg = Debug|Any CPU
		{2B4113E7-073E-4A80-84F3-BAFB6EC11506}.Debug|Any CPU.Build.0 = Debug|Any CPU
		{2B4113E7-073E-4A80-84F3-BAFB6EC11506}.Release|Any CPU.ActiveCfg = Release|Any CPU
		{2B4113E7-073E-4A80-84F3-BAFB6EC11506}.Release|Any CPU.Build.0 = Release|Any CPU
	EndGlobalSection
	GlobalSection(SolutionProperties) = preSolution
		HideSolutionNode = FALSE
	EndGlobalSection
	GlobalSection(ExtensibilityGlobals) = postSolution
		SolutionGuid = {192494DB-61BE-474F-8BCC-3464245C0FDA}
	EndGlobalSection
EndGlobal
